
Microsoft Visual Studio Solution File, Format Version 12.00
# Visual Studio 2012
Project("{2150E333-8FDC-42A3-9474-1A3956D46DE8}") = "UI", "UI", "{7FC6C166-FB4B-4022-B38E-EAEECA82760E}"
EndProject
Project("{FAE04EC0-301F-11D3-BF4B-00C04F79EFBC}") = "ArmWpfUI", "UI\ArmWpfUI\ArmWpfUI.csproj", "{429CF8D0-1AE0-4267-9AA2-273EAC9577C8}"
EndProject
Project("{FAE04EC0-301F-11D3-BF4B-00C04F79EFBC}") = "WpfControlsLibrary", "UI\WpfControlsLibrary\WpfControlsLibrary.csproj", "{05D9693F-FCC6-454F-8B90-83AD207FF612}"
EndProject
Project("{2150E333-8FDC-42A3-9474-1A3956D46DE8}") = "Core", "Core", "{B5C14B90-E266-461B-8005-5821265780B3}"
EndProject
Project("{FAE04EC0-301F-11D3-BF4B-00C04F79EFBC}") = "CoreLib", "Core\CoreLib\CoreLib.csproj", "{55DD5992-4A7B-46CC-9987-0DEC4518F537}"
EndProject
Project("{FAE04EC0-301F-11D3-BF4B-00C04F79EFBC}") = "ConfigurationProviderLib", "Core\ConfigurationParsersLib\ConfigurationProviderLib.csproj", "{7FE478EF-D660-484F-8A99-7BCB0D958C07}"
EndProject
Project("{FAE04EC0-301F-11D3-BF4B-00C04F79EFBC}") = "ExchangeProvidersLib", "Core\DsRouterExchangeProviderLib\ExchangeProvidersLib.csproj", "{D4C29062-CA83-498E-9176-F0918C74EB86}"
EndProject
Project("{FAE04EC0-301F-11D3-BF4B-00C04F79EFBC}") = "ARMConfigurator", "UI\ARMConfigurator\ARMConfigurator.csproj", "{9DD5DC3C-4C93-4D6A-A3EE-AF513609988B}"
EndProject
Project("{FAE04EC0-301F-11D3-BF4B-00C04F79EFBC}") = "UICore", "UI\UICore\UICore.csproj", "{8B93AE0E-7FDA-419D-9903-EC6381AD8E83}"
EndProject
Global
	GlobalSection(SolutionConfigurationPlatforms) = preSolution
		Debug|Any CPU = Debug|Any CPU
		Release|Any CPU = Release|Any CPU
	EndGlobalSection
	GlobalSection(ProjectConfigurationPlatforms) = postSolution
		{429CF8D0-1AE0-4267-9AA2-273EAC9577C8}.Debug|Any CPU.ActiveCfg = Debug|Any CPU
		{429CF8D0-1AE0-4267-9AA2-273EAC9577C8}.Debug|Any CPU.Build.0 = Debug|Any CPU
		{429CF8D0-1AE0-4267-9AA2-273EAC9577C8}.Release|Any CPU.ActiveCfg = Release|Any CPU
		{429CF8D0-1AE0-4267-9AA2-273EAC9577C8}.Release|Any CPU.Build.0 = Release|Any CPU
		{05D9693F-FCC6-454F-8B90-83AD207FF612}.Debug|Any CPU.ActiveCfg = Debug|Any CPU
		{05D9693F-FCC6-454F-8B90-83AD207FF612}.Debug|Any CPU.Build.0 = Debug|Any CPU
		{05D9693F-FCC6-454F-8B90-83AD207FF612}.Release|Any CPU.ActiveCfg = Release|Any CPU
		{05D9693F-FCC6-454F-8B90-83AD207FF612}.Release|Any CPU.Build.0 = Release|Any CPU
		{55DD5992-4A7B-46CC-9987-0DEC4518F537}.Debug|Any CPU.ActiveCfg = Debug|Any CPU
		{55DD5992-4A7B-46CC-9987-0DEC4518F537}.Debug|Any CPU.Build.0 = Debug|Any CPU
		{55DD5992-4A7B-46CC-9987-0DEC4518F537}.Release|Any CPU.ActiveCfg = Release|Any CPU
		{55DD5992-4A7B-46CC-9987-0DEC4518F537}.Release|Any CPU.Build.0 = Release|Any CPU
		{7FE478EF-D660-484F-8A99-7BCB0D958C07}.Debug|Any CPU.ActiveCfg = Debug|Any CPU
		{7FE478EF-D660-484F-8A99-7BCB0D958C07}.Debug|Any CPU.Build.0 = Debug|Any CPU
		{7FE478EF-D660-484F-8A99-7BCB0D958C07}.Release|Any CPU.ActiveCfg = Release|Any CPU
		{7FE478EF-D660-484F-8A99-7BCB0D958C07}.Release|Any CPU.Build.0 = Release|Any CPU
		{D4C29062-CA83-498E-9176-F0918C74EB86}.Debug|Any CPU.ActiveCfg = Debug|Any CPU
		{D4C29062-CA83-498E-9176-F0918C74EB86}.Debug|Any CPU.Build.0 = Debug|Any CPU
		{D4C29062-CA83-498E-9176-F0918C74EB86}.Release|Any CPU.ActiveCfg = Release|Any CPU
		{D4C29062-CA83-498E-9176-F0918C74EB86}.Release|Any CPU.Build.0 = Release|Any CPU
		{9DD5DC3C-4C93-4D6A-A3EE-AF513609988B}.Debug|Any CPU.ActiveCfg = Debug|Any CPU
		{9DD5DC3C-4C93-4D6A-A3EE-AF513609988B}.Debug|Any CPU.Build.0 = Debug|Any CPU
		{9DD5DC3C-4C93-4D6A-A3EE-AF513609988B}.Release|Any CPU.ActiveCfg = Release|Any CPU
		{9DD5DC3C-4C93-4D6A-A3EE-AF513609988B}.Release|Any CPU.Build.0 = Release|Any CPU
		{8B93AE0E-7FDA-419D-9903-EC6381AD8E83}.Debug|Any CPU.ActiveCfg = Debug|Any CPU
		{8B93AE0E-7FDA-419D-9903-EC6381AD8E83}.Debug|Any CPU.Build.0 = Debug|Any CPU
		{8B93AE0E-7FDA-419D-9903-EC6381AD8E83}.Release|Any CPU.ActiveCfg = Release|Any CPU
		{8B93AE0E-7FDA-419D-9903-EC6381AD8E83}.Release|Any CPU.Build.0 = Release|Any CPU
	EndGlobalSection
	GlobalSection(SolutionProperties) = preSolution
		HideSolutionNode = FALSE
	EndGlobalSection
	GlobalSection(NestedProjects) = preSolution
		{429CF8D0-1AE0-4267-9AA2-273EAC9577C8} = {7FC6C166-FB4B-4022-B38E-EAEECA82760E}
		{05D9693F-FCC6-454F-8B90-83AD207FF612} = {7FC6C166-FB4B-4022-B38E-EAEECA82760E}
		{9DD5DC3C-4C93-4D6A-A3EE-AF513609988B} = {7FC6C166-FB4B-4022-B38E-EAEECA82760E}
		{8B93AE0E-7FDA-419D-9903-EC6381AD8E83} = {7FC6C166-FB4B-4022-B38E-EAEECA82760E}
		{55DD5992-4A7B-46CC-9987-0DEC4518F537} = {B5C14B90-E266-461B-8005-5821265780B3}
		{7FE478EF-D660-484F-8A99-7BCB0D958C07} = {B5C14B90-E266-461B-8005-5821265780B3}
		{D4C29062-CA83-498E-9176-F0918C74EB86} = {B5C14B90-E266-461B-8005-5821265780B3}
	EndGlobalSection
EndGlobal
